Microsoft Visual Studio Solution File, Format Version 12.00
# Visual Studio Version 17
VisualStudioVersion = 17.5.2.0
MinimumVisualStudioVersion = 10.0.40219.1
Project("{FAE04EC0-301F-11D3-BF4B-00C04F79EFBC}") = "API_REST", "API_REST.csproj", "{A9719FB2-FE0B-1C15-CECD-BD7979677EAE}"
EndProject
Global
	GlobalSection(SolutionConfigurationPlatforms) = preSolution
		Debug|Any CPU = Debug|Any CPU
		Release|Any CPU = Release|Any CPU
	EndGlobalSection
	GlobalSection(ProjectConfigurationPlatforms) = postSolution
		{A9719FB2-FE0B-1C15-CECD-BD7979677EAE}.Debug|Any CPU.ActiveCfg = Debug|Any CPU
		{A9719FB2-FE0B-1C15-CECD-BD7979677EAE}.Debug|Any CPU.Build.0 = Debug|Any CPU
		{A9719FB2-FE0B-1C15-CECD-BD7979677EAE}.Release|Any CPU.ActiveCfg = Release|Any CPU
		{A9719FB2-FE0B-1C15-CECD-BD7979677EAE}.Release|Any CPU.Build.0 = Release|Any CPU
	EndGlobalSection
	GlobalSection(SolutionProperties) = preSolution
		HideSolutionNode = FALSE
	EndGlobalSection
	GlobalSection(ExtensibilityGlobals) = postSolution
		SolutionGuid = {ECE1159B-0341-4E5F-8B56-18092828BCBF}
	EndGlobalSection
EndGlobal
